
Microsoft Visual Studio Solution File, Format Version 12.00
# Visual Studio Version 17
VisualStudioVersion = 17.7.34009.444
MinimumVisualStudioVersion = 10.0.40219.1
Project("{FAE04EC0-301F-11D3-BF4B-00C04F79EFBC}") = "WMS.Api", "WMS.Api\WMS.Api.csproj", "{8FC5F4F4-CA5D-40EA-B3CA-88D3D84BBB02}"
EndProject
Global
	GlobalSection(SolutionConfigurationPlatforms) = preSolution
		Debug|Any CPU = Debug|Any CPU
		Release|Any CPU = Release|Any CPU
	EndGlobalSection
	GlobalSection(ProjectConfigurationPlatforms) = postSolution
		{8FC5F4F4-CA5D-40EA-B3CA-88D3D84BBB02}.Debug|Any CPU.ActiveCfg = Debug|Any CPU
		{8FC5F4F4-CA5D-40EA-B3CA-88D3D84BBB02}.Debug|Any CPU.Build.0 = Debug|Any CPU
		{8FC5F4F4-CA5D-40EA-B3CA-88D3D84BBB02}.Release|Any CPU.ActiveCfg = Release|Any CPU
		{8FC5F4F4-CA5D-40EA-B3CA-88D3D84BBB02}.Release|Any CPU.Build.0 = Release|Any CPU
	EndGlobalSection
	GlobalSection(SolutionProperties) = preSolution
		HideSolutionNode = FALSE
	EndGlobalSection
	GlobalSection(ExtensibilityGlobals) = postSolution
		SolutionGuid = {CD6CE712-91F2-4F4F-A3A7-5544BA31236D}
	EndGlobalSection
EndGlobal
